GEM
  remote: https://rubygems.org/
  specs:
    actioncable (5.2.8.1)
      actionpack (= 5.2.8.1)
      nio4r (~> 2.0)
      websocket-driver (>= 0.6.1)
    actionmailer (5.2.8.1)
      actionpack (= 5.2.8.1)
      actionview (= 5.2.8.1)
      activejob (= 5.2.8.1)
      mail (~> 2.5, >= 2.5.4)
      rails-dom-testing (~> 2.0)
    actionpack (5.2.8.1)
      actionview (= 5.2.8.1)
      activesupport (= 5.2.8.1)
      rack (~> 2.0, >= 2.0.8)
      rack-test (>= 0.6.3)
      rails-dom-testing (~> 2.0)
      rails-html-sanitizer (~> 1.0, >= 1.0.2)
    actionview (5.2.8.1)
      activesupport (= 5.2.8.1)
      builder (~> 3.1)
      erubi (~> 1.4)
      rails-dom-testing (~> 2.0)
      rails-html-sanitizer (~> 1.0, >= 1.0.3)
    activejob (5.2.8.1)
      activesupport (= 5.2.8.1)
      globalid (>= 0.3.6)
    activemodel (5.2.8.1)
      activesupport (= 5.2.8.1)
    activerecord (5.2.8.1)
      activemodel (= 5.2.8.1)
      activesupport (= 5.2.8.1)
      arel (>= 9.0)
    activestorage (5.2.8.1)
      actionpack (= 5.2.8.1)
      activerecord (= 5.2.8.1)
      marcel (~> 1.0.0)
    activesupport (5.2.8.1)
      concurrent-ruby (~> 1.0, >= 1.0.2)
      i18n (>= 0.7, < 2)
      minitest (~> 5.1)
      tzinfo (~> 1.1)
    addressable (2.9.0)
      public_suffix (>= 2.0.2, < 8.0)
    archive-zip (0.13.1)
      io-like (~> 0.4.0)
    arel (9.0.0)
    base64 (0.3.0)
    bindex (0.8.1)
    bootsnap (1.23.0)
      msgpack (~> 1.2)
    builder (3.3.0)
    byebug (13.0.0)
      reline (>= 0.6.0)
    capybara (3.40.0)
      addressable
      matrix
      mini_mime (>= 0.1.3)
      nokogiri (~> 1.11)
      rack (>= 1.6.0)
      rack-test (>= 0.6.3)
      regexp_parser (>= 1.5, < 3.0)
      xpath (~> 3.2)
    carrierwave (2.2.6)
      activemodel (>= 5.0.0)
      activesupport (>= 5.0.0)
      addressable (~> 2.6)
      image_processing (~> 1.1)
      marcel (~> 1.0.0)
      mini_mime (>= 0.1.3)
      ssrf_filter (~> 1.0)
    chromedriver-helper (2.1.1)
      archive-zip (~> 0.10)
      nokogiri (~> 1.8)
    coffee-rails (4.2.2)
      coffee-script (>= 2.2.0)
      railties (>= 4.0.0)
    coffee-script (2.4.1)
      coffee-script-source
      execjs
    coffee-script-source (1.12.2)
    commonjs (0.2.7)
    concurrent-ruby (1.3.6)
    crass (1.0.6)
    date (3.5.1)
    erubi (1.13.1)
    execjs (2.10.1)
    ffi (1.17.4-aarch64-linux-gnu)
    ffi (1.17.4-aarch64-linux-musl)
    ffi (1.17.4-arm-linux-gnu)
    ffi (1.17.4-arm-linux-musl)
    ffi (1.17.4-arm64-darwin)
    ffi (1.17.4-x86_64-darwin)
    ffi (1.17.4-x86_64-linux-gnu)
    ffi (1.17.4-x86_64-linux-musl)
    globalid (1.1.0)
      activesupport (>= 5.0)
    i18n (1.14.8)
      concurrent-ruby (~> 1.0)
    image_processing (1.14.0)
      mini_magick (>= 4.9.5, < 6)
      ruby-vips (>= 2.0.17, < 3)
    io-console (0.8.2)
    io-like (0.4.0)
    jbuilder (2.13.0)
      actionview (>= 5.0.0)
      activesupport (>= 5.0.0)
    less (2.6.0)
      commonjs (~> 0.2.7)
    less-rails (4.0.0)
      actionpack (>= 4)
      less (~> 2.6.0)
      sprockets (>= 2)
    libv8 (3.16.14.19.1)
    libv8 (3.16.14.19.1-arm-linux)
    libv8 (3.16.14.19.1-armv7l-linux)
    libv8 (3.16.14.19.1-universal-darwin)
    libv8 (3.16.14.19.1-x86_64-darwin)
    libv8 (3.16.14.19.1-x86_64-linux)
    listen (3.0.8)
      rb-fsevent (~> 0.9, >= 0.9.4)
      rb-inotify (~> 0.9, >= 0.9.7)
    logger (1.7.0)
    loofah (2.25.1)
      crass (~> 1.0.2)
      nokogiri (>= 1.12.0)
    mail (2.9.0)
      logger
      mini_mime (>= 0.1.1)
      net-imap
      net-pop
      net-smtp
    marcel (1.0.4)
    matrix (0.4.3)
    method_source (1.1.0)
    mini_magick (5.3.1)
      logger
    mini_mime (1.1.5)
    minitest (5.27.0)
    msgpack (1.8.0)
    net-imap (0.6.3)
      date
      net-protocol
    net-pop (0.1.2)
      net-protocol
    net-protocol (0.2.2)
      timeout
    net-smtp (0.5.1)
      net-protocol
    nio4r (2.7.5)
    nokogiri (1.19.2-aarch64-linux-gnu)
      racc (~> 1.4)
    nokogiri (1.19.2-aarch64-linux-musl)
      racc (~> 1.4)
    nokogiri (1.19.2-arm-linux-gnu)
      racc (~> 1.4)
    nokogiri (1.19.2-arm-linux-musl)
      racc (~> 1.4)
    nokogiri (1.19.2-arm64-darwin)
      racc (~> 1.4)
    nokogiri (1.19.2-x86_64-darwin)
      racc (~> 1.4)
    nokogiri (1.19.2-x86_64-linux-gnu)
      racc (~> 1.4)
    nokogiri (1.19.2-x86_64-linux-musl)
      racc (~> 1.4)
    pg (1.6.3)
    pg (1.6.3-aarch64-linux)
    pg (1.6.3-aarch64-linux-musl)
    pg (1.6.3-arm64-darwin)
    pg (1.6.3-x86_64-darwin)
    pg (1.6.3-x86_64-linux)
    pg (1.6.3-x86_64-linux-musl)
    public_suffix (7.0.5)
    puma (3.12.6)
    racc (1.8.1)
    rack (2.2.23)
    rack-test (2.2.0)
      rack (>= 1.3)
    rails (5.2.8.1)
      actioncable (= 5.2.8.1)
      actionmailer (= 5.2.8.1)
      actionpack (= 5.2.8.1)
      actionview (= 5.2.8.1)
      activejob (= 5.2.8.1)
      activemodel (= 5.2.8.1)
      activerecord (= 5.2.8.1)
      activestorage (= 5.2.8.1)
      activesupport (= 5.2.8.1)
      bundler (>= 1.3.0)
      railties (= 5.2.8.1)
      sprockets-rails (>= 2.0.0)
    rails-dom-testing (2.3.0)
      activesupport (>= 5.0.0)
      minitest
      nokogiri (>= 1.6)
    rails-html-sanitizer (1.7.0)
      loofah (~> 2.25)
      nokogiri (>= 1.15.7, != 1.16.7, != 1.16.6, != 1.16.5, != 1.16.4, != 1.16.3, != 1.16.2, != 1.16.1, != 1.16.0.rc1, != 1.16.0)
    rails_12factor (0.0.3)
      rails_serve_static_assets
      rails_stdout_logging
    rails_serve_static_assets (0.0.5)
    rails_stdout_logging (0.0.5)
    railties (5.2.8.1)
      actionpack (= 5.2.8.1)
      activesupport (= 5.2.8.1)
      method_source
      rake (>= 0.8.7)
      thor (>= 0.19.0, < 2.0)
    rake (13.4.1)
    rb-fsevent (0.11.2)
    rb-inotify (0.11.1)
      ffi (~> 1.0)
    ref (2.0.0)
    regexp_parser (2.12.0)
    reline (0.6.3)
      io-console (~> 0.5)
    rexml (3.4.4)
    ruby-vips (2.3.0)
      ffi (~> 1.12)
      logger
    rubyzip (3.2.2)
    sass (3.7.4)
      sass-listen (~> 4.0.0)
    sass-listen (4.0.0)
      rb-fsevent (~> 0.9, >= 0.9.4)
      rb-inotify (~> 0.9, >= 0.9.7)
    sass-rails (5.1.0)
      railties (>= 5.2.0)
      sass (~> 3.1)
      sprockets (>= 2.8, < 4.0)
      sprockets-rails (>= 2.0, < 4.0)
      tilt (>= 1.1, < 3)
    selenium-webdriver (4.43.0)
      base64 (~> 0.2)
      logger (~> 1.4)
      rexml (~> 3.2, >= 3.2.5)
      rubyzip (>= 1.2.2, < 4.0)
      websocket (~> 1.0)
    spring (2.1.1)
    spring-watcher-listen (2.0.1)
      listen (>= 2.7, < 4.0)
      spring (>= 1.2, < 3.0)
    sprockets (3.7.5)
      base64
      concurrent-ruby (~> 1.0)
      rack (> 1, < 3)
    sprockets-rails (3.4.2)
      actionpack (>= 5.2)
      activesupport (>= 5.2)
      sprockets (>= 3.0.0)
    sqlite3 (2.9.2-aarch64-linux-gnu)
    sqlite3 (2.9.2-aarch64-linux-musl)
    sqlite3 (2.9.2-arm-linux-gnu)
    sqlite3 (2.9.2-arm-linux-musl)
    sqlite3 (2.9.2-arm64-darwin)
    sqlite3 (2.9.2-x86_64-darwin)
    sqlite3 (2.9.2-x86_64-linux-gnu)
    sqlite3 (2.9.2-x86_64-linux-musl)
    ssrf_filter (1.5.0)
    therubyracer (0.12.3)
      libv8 (~> 3.16.14.15)
      ref
    thor (1.5.0)
    thread_safe (0.3.6)
    tilt (2.7.0)
    timeout (0.6.1)
    turbolinks (5.2.1)
      turbolinks-source (~> 5.2)
    turbolinks-source (5.2.0)
    twitter-bootstrap-rails (5.3.0)
      actionpack (>= 5.0, < 9.0)
      execjs (~> 2.7)
      less-rails (~> 4.0)
      railties (>= 5.0, < 9.0)
    tzinfo (1.2.11)
      thread_safe (~> 0.1)
    uglifier (4.2.1)
      execjs (>= 0.3.0, < 3)
    web-console (3.7.0)
      actionview (>= 5.0)
      activemodel (>= 5.0)
      bindex (>= 0.4.0)
      railties (>= 5.0)
    websocket (1.2.11)
    websocket-driver (0.8.0)
      base64
      websocket-extensions (>= 0.1.0)
    websocket-extensions (0.1.5)
    xpath (3.2.0)
      nokogiri (~> 1.8)

PLATFORMS
  aarch64-linux
  aarch64-linux-gnu
  aarch64-linux-musl
  arm-linux
  arm-linux-gnu
  arm-linux-musl
  arm64-darwin
  armv7l-linux
  universal-darwin
  x86_64-darwin
  x86_64-linux-gnu
  x86_64-linux-musl

DEPENDENCIES
  bootsnap (>= 1.1.0)
  byebug
  capybara (>= 2.15)
  carrierwave
  chromedriver-helper
  coffee-rails (~> 4.2)
  execjs
  jbuilder (~> 2.5)
  less-rails
  listen (>= 3.0.5, < 3.2)
  mini_magick
  pg
  puma (~> 3.11)
  rails (~> 5.2.1)
  rails_12factor
  sass-rails (~> 5.0)
  selenium-webdriver
  spring
  spring-watcher-listen (~> 2.0.0)
  sqlite3
  therubyracer
  turbolinks (~> 5)
  twitter-bootstrap-rails
  tzinfo-data
  uglifier (>= 1.3.0)
  web-console (>= 3.3.0)

CHECKSUMS
  actioncable (5.2.8.1) sha256=b9d96da7c7ed7fb84b4f5f82adfc9356173ae6c59c80cd823eaeb161278cabec
  actionmailer (5.2.8.1) sha256=fdcafaa5ebb78f539487fc81861a29a16a184e6ef73cbacffcbcfcb2919618f4
  actionpack (5.2.8.1) sha256=637be8a2434501d07de9dfec7a043cfa8f3c99128d54e4c9d0f1a7a75bf91b57
  actionview (5.2.8.1) sha256=b43a25fcb2e61a9fe1bf2dd721db5521bda9e1c226e5c3b041036bb13d047319
  activejob (5.2.8.1) sha256=9fce309fa931a6431d5632ef4e775265cbc4044baf904828f360f884f73cc08b
  activemodel (5.2.8.1) sha256=2fad202735ec6b5c6508b1691ac2e44e4f9f22a859c0f727cdef107ae5ea5e6f
  activerecord (5.2.8.1) sha256=0a288fe88b1032aa688dd9192f4ec3ac3315efc7e09fdce9b4c510bc1bc7684a
  activestorage (5.2.8.1) sha256=0a653aa439a68150664fdc326e21cdae888a9a92741f960e6c23ecc1776b7462
  activesupport (5.2.8.1) sha256=f0498c616e1b243c7b56d67920c389f959c186ad7031569e80335b42e1d22564
  addressable (2.9.0) sha256=7fdf6ac3660f7f4e867a0838be3f6cf722ace541dd97767fa42bc6cfa980c7af
  archive-zip (0.13.1) sha256=e54fa4bd136a3fe7fe7a5a5c5704c2585e5d93efce57482510098793f32a496c
  arel (9.0.0) sha256=60da926cea65e70817cc5a3b292c37af556b88d542276ec6332e983c2be567ca
  base64 (0.3.0) sha256=27337aeabad6ffae05c265c450490628ef3ebd4b67be58257393227588f5a97b
  bindex (0.8.1) sha256=7b1ecc9dc539ed8bccfc8cb4d2732046227b09d6f37582ff12e50a5047ceb17e
  bootsnap (1.23.0) sha256=c1254f458d58558b58be0f8eb8f6eec2821456785b7cdd1e16248e2020d3f214
  builder (3.3.0) sha256=497918d2f9dca528fdca4b88d84e4ef4387256d984b8154e9d5d3fe5a9c8835f
  byebug (13.0.0) sha256=d2263efe751941ca520fa29744b71972d39cbc41839496706f5d9b22e92ae05d
  capybara (3.40.0) sha256=42dba720578ea1ca65fd7a41d163dd368502c191804558f6e0f71b391054aeef
  carrierwave (2.2.6) sha256=cd9b6108fc7544e97e7fbcc561bd319a09f23c96816fdd0df8f2f45ffdc0dac3
  chromedriver-helper (2.1.1) sha256=3a3a424f9ffa69f5281b723449a8618b6a9b8e49b9aa2141c819f38b75a7476f
  coffee-rails (4.2.2) sha256=080a5c49e9568019018a8699cf80f7ea8e7b841744d832a98ac6b4c8e40be84a
  coffee-script (2.4.1) sha256=82fe281e11b93c8117b98c5ea8063e71741870f1c4fbb27177d7d6333dd38765
  coffee-script-source (1.12.2) sha256=e12b16fd8927fbbf8b87cb2e9a85a6cf457c6881cc7ff8b1af15b31f70da07a4
  commonjs (0.2.7) sha256=66cf6883f51c17e2e21bce704574224633cdc7a89bd21ae4c9853bdbd3d76ab8
  concurrent-ruby (1.3.6) sha256=6b56837e1e7e5292f9864f34b69c5a2cbc75c0cf5338f1ce9903d10fa762d5ab
  crass (1.0.6) sha256=dc516022a56e7b3b156099abc81b6d2b08ea1ed12676ac7a5657617f012bd45d
  date (3.5.1) sha256=750d06384d7b9c15d562c76291407d89e368dda4d4fff957eb94962d325a0dc0
  erubi (1.13.1) sha256=a082103b0885dbc5ecf1172fede897f9ebdb745a4b97a5e8dc63953db1ee4ad9
  execjs (2.10.1) sha256=abe0ae028467eb8e30c10814eb934d07876a691aae7e803d813b7ce5a75e73f1
  ffi (1.17.4-aarch64-linux-gnu) sha256=b208f06f91ffd8f5e1193da3cae3d2ccfc27fc36fba577baf698d26d91c080df
  ffi (1.17.4-aarch64-linux-musl) sha256=9286b7a615f2676245283aef0a0a3b475ae3aae2bb5448baace630bb77b91f39
  ffi (1.17.4-arm-linux-gnu) sha256=d6dbddf7cb77bf955411af5f187a65b8cd378cb003c15c05697f5feee1cb1564
  ffi (1.17.4-arm-linux-musl) sha256=9d4838ded0465bef6e2426935f6bcc93134b6616785a84ffd2a3d82bc3cf6f95
  ffi (1.17.4-arm64-darwin) sha256=19071aaf1419251b0a46852abf960e77330a3b334d13a4ab51d58b31a937001b
  ffi (1.17.4-x86_64-darwin) sha256=aa70390523cf3235096cf64962b709b4cfbd5c082a2cb2ae714eb0fe2ccda496
  ffi (1.17.4-x86_64-linux-gnu) sha256=9d3db14c2eae074b382fa9c083fe95aec6e0a1451da249eab096c34002bc752d
  ffi (1.17.4-x86_64-linux-musl) sha256=3fdf9888483de005f8ef8d1cf2d3b20d86626af206cbf780f6a6a12439a9c49e
  globalid (1.1.0) sha256=b337e1746f0c8cb0a6c918234b03a1ddeb4966206ce288fbb57779f59b2d154f
  i18n (1.14.8) sha256=285778639134865c5e0f6269e0b818256017e8cde89993fdfcbfb64d088824a5
  image_processing (1.14.0) sha256=754cc169c9c262980889bec6bfd325ed1dafad34f85242b5a07b60af004742fb
  io-console (0.8.2) sha256=d6e3ae7a7cc7574f4b8893b4fca2162e57a825b223a177b7afa236c5ef9814cc
  io-like (0.4.0) sha256=808994312907b3d59c548e75215183ccd950e63101ad08800c4df4188a2a0211
  jbuilder (2.13.0) sha256=7200a38a1c0081aa81b7a9757e7a299db75bc58cf1fd45ca7919a91627d227d6
  less (2.6.0) sha256=266038742de84e69fc62f78018ac8e776932054572bf4863477a209d27dc2e4e
  less-rails (4.0.0) sha256=567a3a8e4061510fcbb1097afd29e863231def23002d82722e6ba1357d776a55
  libv8 (3.16.14.19.1) sha256=31886682fbefc30f8b65a26e99fdc64531bc7276903e0056dfd335b5626fe342
  libv8 (3.16.14.19.1-arm-linux) sha256=5e3dada5810a9f795d1ee083aecc5ce0951c775b5562629b8d28a74933ec3b44
  libv8 (3.16.14.19.1-armv7l-linux) sha256=2cad02422428956a71aebbc1175c644daa4e33706858d7be303a3e96f876ce6c
  libv8 (3.16.14.19.1-universal-darwin) sha256=12663630ceda75e2d1049265ca25db2182b428694fd3699b217fa7d86c99b385
  libv8 (3.16.14.19.1-x86_64-darwin) sha256=2da5e0c9594291969cb166a31e0837464bd8c8b2787442315025f6f51096fea7
  libv8 (3.16.14.19.1-x86_64-linux) sha256=fcb39cdc7a3d99bcef813cff13f3229772f83b32b571fede38d0844a06c2fdb7
  listen (3.0.8) sha256=91845635a094f81de2af4ec334340dd8458d9b86486471c2dc9747e7173c1ed0
  logger (1.7.0) sha256=196edec7cc44b66cfb40f9755ce11b392f21f7967696af15d274dde7edff0203
  loofah (2.25.1) sha256=d436c73dbd0c1147b16c4a41db097942d217303e1f7728704b37e4df9f6d2e04
  mail (2.9.0) sha256=6fa6673ecd71c60c2d996260f9ee3dd387d4673b8169b502134659ece6d34941
  marcel (1.0.4) sha256=0d5649feb64b8f19f3d3468b96c680bae9746335d02194270287868a661516a4
  matrix (0.4.3) sha256=a0d5ab7ddcc1973ff690ab361b67f359acbb16958d1dc072b8b956a286564c5b
  method_source (1.1.0) sha256=181301c9c45b731b4769bc81e8860e72f9161ad7d66dd99103c9ab84f560f5c5
  mini_magick (5.3.1) sha256=29395dfd76badcabb6403ee5aff6f681e867074f8f28ce08d78661e9e4a351c4
  mini_mime (1.1.5) sha256=8681b7e2e4215f2a159f9400b5816d85e9d8c6c6b491e96a12797e798f8bccef
  minitest (5.27.0) sha256=2d3b17f8a36fe7801c1adcffdbc38233b938eb0b4966e97a6739055a45fa77d5
  msgpack (1.8.0) sha256=e64ce0212000d016809f5048b48eb3a65ffb169db22238fb4b72472fecb2d732
  net-imap (0.6.3) sha256=9bab75f876596d09ee7bf911a291da478e0cd6badc54dfb82874855ccc82f2ad
  net-pop (0.1.2) sha256=848b4e982013c15b2f0382792268763b748cce91c9e91e36b0f27ed26420dff3
  net-protocol (0.2.2) sha256=aa73e0cba6a125369de9837b8d8ef82a61849360eba0521900e2c3713aa162a8
  net-smtp (0.5.1) sha256=ed96a0af63c524fceb4b29b0d352195c30d82dd916a42f03c62a3a70e5b70736
  nio4r (2.7.5) sha256=6c90168e48fb5f8e768419c93abb94ba2b892a1d0602cb06eef16d8b7df1dca1
  nokogiri (1.19.2-aarch64-linux-gnu) sha256=c34d5c8208025587554608e98fd88ab125b29c80f9352b821964e9a5d5cfbd19
  nokogiri (1.19.2-aarch64-linux-musl) sha256=7f6b4b0202d507326841a4f790294bf75098aef50c7173443812e3ac5cb06515
  nokogiri (1.19.2-arm-linux-gnu) sha256=b7fa1139016f3dc850bda1260988f0d749934a939d04ef2da13bec060d7d5081
  nokogiri (1.19.2-arm-linux-musl) sha256=61114d44f6742ff72194a1b3020967201e2eb982814778d130f6471c11f9828c
  nokogiri (1.19.2-arm64-darwin) sha256=58d8ea2e31a967b843b70487a44c14c8ba1866daa1b9da9be9dbdf1b43dee205
  nokogiri (1.19.2-x86_64-darwin) sha256=7d9af11fda72dfaa2961d8c4d5380ca0b51bc389dc5f8d4b859b9644f195e7a4
  nokogiri (1.19.2-x86_64-linux-gnu) sha256=fa8feca882b73e871a9845f3817a72e9734c8e974bdc4fbad6e4bc6e8076b94f
  nokogiri (1.19.2-x86_64-linux-musl) sha256=93128448e61a9383a30baef041bf1f5817e22f297a1d400521e90294445069a8
  pg (1.6.3) sha256=1388d0563e13d2758c1089e35e973a3249e955c659592d10e5b77c468f628a99
  pg (1.6.3-aarch64-linux) sha256=0698ad563e02383c27510b76bf7d4cd2de19cd1d16a5013f375dd473e4be72ea
  pg (1.6.3-aarch64-linux-musl) sha256=06a75f4ea04b05140146f2a10550b8e0d9f006a79cdaf8b5b130cde40e3ecc2c
  pg (1.6.3-arm64-darwin) sha256=7240330b572e6355d7c75a7de535edb5dfcbd6295d9c7777df4d9dddfb8c0e5f
  pg (1.6.3-x86_64-darwin) sha256=ee2e04a17c0627225054ffeb43e31a95be9d7e93abda2737ea3ce4a62f2729d6
  pg (1.6.3-x86_64-linux) sha256=5d9e188c8f7a0295d162b7b88a768d8452a899977d44f3274d1946d67920ae8d
  pg (1.6.3-x86_64-linux-musl) sha256=9c9c90d98c72f78eb04c0f55e9618fe55d1512128e411035fe229ff427864009
  public_suffix (7.0.5) sha256=1a8bb08f1bbea19228d3bed6e5ed908d1cb4f7c2726d18bd9cadf60bc676f623
  puma (3.12.6) sha256=2a119d94264dc4b05e566b92461f1222d6bbfd1089133a77db5b2ced21f6f3fa
  racc (1.8.1) sha256=4a7f6929691dbec8b5209a0b373bc2614882b55fc5d2e447a21aaa691303d62f
  rack (2.2.23) sha256=a8fe9d7e07064770b8ec123663fded8a59ef7e2b6db5cda7173d45a5718ab69c
  rack-test (2.2.0) sha256=005a36692c306ac0b4a9350355ee080fd09ddef1148a5f8b2ac636c720f5c463
  rails (5.2.8.1) sha256=cf18751a5e603cc1996536de8109459da9998c843dc5381ab8f87680a793c4cb
  rails-dom-testing (2.3.0) sha256=8acc7953a7b911ca44588bf08737bc16719f431a1cc3091a292bca7317925c1d
  rails-html-sanitizer (1.7.0) sha256=28b145cceaf9cc214a9874feaa183c3acba036c9592b19886e0e45efc62b1e89
  rails_12factor (0.0.3) sha256=ee9b88d39966262109fa017dbaac550b80ce224a7266376d42470d391a900ff5
  rails_serve_static_assets (0.0.5) sha256=203bf07eaf188512ef5c7e2243285564b29dcf77a0909b9693983495ae1380e9
  rails_stdout_logging (0.0.5) sha256=e57158879cc30a759599b574608b104834f26ffa30e0e77293b5e43c374814f4
  railties (5.2.8.1) sha256=62bb4817ec39be0bff5c14e3b485e29ebf8abebed7a68fc8c9caaf270baa3071
  rake (13.4.1) sha256=b4e81bd6a748308a6799619d824ec6a23cd1acd07d9ec41e5f2ebfb2294447c8
  rb-fsevent (0.11.2) sha256=43900b972e7301d6570f64b850a5aa67833ee7d87b458ee92805d56b7318aefe
  rb-inotify (0.11.1) sha256=a0a700441239b0ff18eb65e3866236cd78613d6b9f78fea1f9ac47a85e47be6e
  ref (2.0.0) sha256=31cafc3ba73128e3c32791c9c8ddc2ee54d1cb3eac8161f73d9ecea809bee412
  regexp_parser (2.12.0) sha256=35a916a1d63190ab5c9009457136ae5f3c0c7512d60291d0d1378ba18ce08ebb
  reline (0.6.3) sha256=1198b04973565b36ec0f11542ab3f5cfeeec34823f4e54cebde90968092b1835
  rexml (3.4.4) sha256=19e0a2c3425dfbf2d4fc1189747bdb2f849b6c5e74180401b15734bc97b5d142
  ruby-vips (2.3.0) sha256=e685ec02c13969912debbd98019e50492e12989282da5f37d05f5471442f5374
  rubyzip (3.2.2) sha256=c0ed99385f0625415c8f05bcae33fe649ed2952894a95ff8b08f26ca57ea5b3c
  sass (3.7.4) sha256=808b0d39053aa69068df939e24671fe84fd5a9d3314486e1a1457d0934a4255d
  sass-listen (4.0.0) sha256=ae9dcb76dd3e234329e5ba6e213f48e532c5a3e7b0b4d8a87f13aaca0cc18377
  sass-rails (5.1.0) sha256=9728ac86ec91d5d1c2e2b4bbfe06d1f1459f21ac9cc5f7614760d8cf1b777493
  selenium-webdriver (4.43.0) sha256=a634377b964b701c6ac0a009ce3a08fa34ec1e1e7fe9a6d57e3088d14529a65c
  spring (2.1.1) sha256=0d0ccd42eb6ac035b26a6791d10715b3b59c069d1fcd34693d7782257cf85cf4
  spring-watcher-listen (2.0.1) sha256=df83906f5ec811ec0be4536a7a088618af58667b232ffbb6bee4bb67b54d7ff9
  sprockets (3.7.5) sha256=72c20f256548f8a37fe7db41d96be86c3262fddaf4ebe9d69ec8317394fed383
  sprockets-rails (3.4.2) sha256=36d6327757ccf7460a00d1d52b2d5ef0019a4670503046a129fa1fb1300931ad
  sqlite3 (2.9.2-aarch64-linux-gnu) sha256=eeb86db55645b85327ba75129e3614658d974bf4da8fdc87018a0d42c59f6e42
  sqlite3 (2.9.2-aarch64-linux-musl) sha256=4feff91fb8c2b13688da34b5627c9d1ed9cedb3ee87a7114ec82209147f07a6d
  sqlite3 (2.9.2-arm-linux-gnu) sha256=1ee2eb06b5301aaf5ce343a6e88d99ac932d95202d7b350f0e7b6d8d588580d7
  sqlite3 (2.9.2-arm-linux-musl) sha256=8ca0de6aceede968de0394e22e95d549834c4d8e318f69a92a52f049878a0057
  sqlite3 (2.9.2-arm64-darwin) sha256=d15bd9609a05f9d54930babe039585efc8cadd57517c15b64ec7dfa75158a5e9
  sqlite3 (2.9.2-x86_64-darwin) sha256=ed691b5021674d72582d03c5a38e89634b961902735fb6225273892805421d13
  sqlite3 (2.9.2-x86_64-linux-gnu) sha256=dce83ffcb7e72f9f7aeb6e5404f15d277a45332fe18ccce8a8b3ed51e8d23aee
  sqlite3 (2.9.2-x86_64-linux-musl) sha256=e8dd906a613f13b60f6d47ae9dda376384d9de1ab3f7e3f2fdf2fd18a871a2d7
  ssrf_filter (1.5.0) sha256=e03dcdb9d1730d7f6710532a606b3543df2a448a0293ce04a2d995523c5a97f6
  therubyracer (0.12.3) sha256=5844cbcb54b9b9d07b6bf5f049bf5d00e587b9d7bb1be9a5a74f7625f45f25bd
  thor (1.5.0) sha256=e3a9e55fe857e44859ce104a84675ab6e8cd59c650a49106a05f55f136425e73
  thread_safe (0.3.6) sha256=9ed7072821b51c57e8d6b7011a8e282e25aeea3a4065eab326e43f66f063b05a
  tilt (2.7.0) sha256=0d5b9ba69f6a36490c64b0eee9f6e9aad517e20dcc848800a06eb116f08c6ab3
  timeout (0.6.1) sha256=78f57368a7e7bbadec56971f78a3f5ecbcfb59b7fcbb0a3ed6ddc08a5094accb
  turbolinks (5.2.1) sha256=5fea5889c4e2a78a5bd9abda3860c565342b50c6e2593697d5558a08e15cce9c
  turbolinks-source (5.2.0) sha256=362a41fa851a22b0f15cf8f944b6c7c5788f645dc1f61ae25478bb25c3bc85d4
  twitter-bootstrap-rails (5.3.0) sha256=21b15dde99bc0d8981162b03feb3c56ee35d7c22f534a1b351ec5a3ff0647d3e
  tzinfo (1.2.11) sha256=6501f6a12175ca0243118b83f7c7c2b7978aaec7a0980550a124d007ad6361b6
  uglifier (4.2.1) sha256=75d42b81b10bfd21e7a427fabb1d49ff5ea7bda3c4a5039ddb2a78d194c6f5aa
  web-console (3.7.0) sha256=cde97ef283953aa2710dd5a203077aeba513ef257b477af31d32578e9a283672
  websocket (1.2.11) sha256=b7e7a74e2410b5e85c25858b26b3322f29161e300935f70a0e0d3c35e0462737
  websocket-driver (0.8.0) sha256=ed0dba4b943c22f17f9a734817e808bc84cdce6a7e22045f5315aa57676d4962
  websocket-extensions (0.1.5) sha256=1c6ba63092cda343eb53fc657110c71c754c56484aad42578495227d717a8241
  xpath (3.2.0) sha256=6dfda79d91bb3b949b947ecc5919f042ef2f399b904013eb3ef6d20dd3a4082e

RUBY VERSION
  ruby 3.3.6

BUNDLED WITH
  4.0.9
